
Microsoft Visual Studio Solution File, Format Version 12.00
# Visual Studio Version 17
VisualStudioVersion = 17.0.31808.319
MinimumVisualStudioVersion = 10.0.40219.1
Project("{9A19103F-16F7-4668-BE54-9A1E7A4F7556}") = "akka-streams-github-api", "akka-streams-github-api.csproj", "{DB6F2E73-FDE6-4371-AD63-32EC8D69B242}"
EndProject
Global
	GlobalSection(SolutionConfigurationPlatforms) = preSolution
		Debug|Any CPU = Debug|Any CPU
		Release|Any CPU = Release|Any CPU
	EndGlobalSection
	GlobalSection(ProjectConfigurationPlatforms) = postSolution
		{DB6F2E73-FDE6-4371-AD63-32EC8D69B242}.Debug|Any CPU.ActiveCfg = Debug|Any CPU
		{DB6F2E73-FDE6-4371-AD63-32EC8D69B242}.Debug|Any CPU.Build.0 = Debug|Any CPU
		{DB6F2E73-FDE6-4371-AD63-32EC8D69B242}.Release|Any CPU.ActiveCfg = Release|Any CPU
		{DB6F2E73-FDE6-4371-AD63-32EC8D69B242}.Release|Any CPU.Build.0 = Release|Any CPU
	EndGlobalSection
	GlobalSection(SolutionProperties) = preSolution
		HideSolutionNode = FALSE
	EndGlobalSection
	GlobalSection(ExtensibilityGlobals) = postSolution
		SolutionGuid = {75785186-63F2-49B0-8079-420820F5941F}
	EndGlobalSection
EndGlobal
